
Microsoft Visual Studio Solution File, Format Version 12.00
# Visual Studio 2012
Project("{FAE04EC0-301F-11D3-BF4B-00C04F79EFBC}") = "KataPayDeskTerminal", "KataPayDeskTerminal\KataPayDeskTerminal.csproj", "{D3896369-6F71-4769-AEB0-F11C5413AAB7}"
EndProject
Project("{FAE04EC0-301F-11D3-BF4B-00C04F79EFBC}") = "KataDemo", "KataDemo\KataDemo.csproj", "{1A241F82-2300-4CB6-BE20-4B6752FD309E}"
EndProject
Project("{FAE04EC0-301F-11D3-BF4B-00C04F79EFBC}") = "KataPayDeskTerminalTests", "KataPayDeskTerminalTests\KataPayDeskTerminalTests.csproj", "{5182F631-597F-4625-AA2A-893323B809F6}"
EndProject
Project("{FAE04EC0-301F-11D3-BF4B-00C04F79EFBC}") = "KataDemoManualInpput", "KataDemoManualInpput\KataDemoManualInpput.csproj", "{21155516-A3C7-4A19-A868-97FC3D543859}"
EndProject
Global
	GlobalSection(SolutionConfigurationPlatforms) = preSolution
		Debug|Any CPU = Debug|Any CPU
		Release|Any CPU = Release|Any CPU
	EndGlobalSection
	GlobalSection(ProjectConfigurationPlatforms) = postSolution
		{D3896369-6F71-4769-AEB0-F11C5413AAB7}.Debug|Any CPU.ActiveCfg = Debug|Any CPU
		{D3896369-6F71-4769-AEB0-F11C5413AAB7}.Debug|Any CPU.Build.0 = Debug|Any CPU
		{D3896369-6F71-4769-AEB0-F11C5413AAB7}.Release|Any CPU.ActiveCfg = Release|Any CPU
		{D3896369-6F71-4769-AEB0-F11C5413AAB7}.Release|Any CPU.Build.0 = Release|Any CPU
		{1A241F82-2300-4CB6-BE20-4B6752FD309E}.Debug|Any CPU.ActiveCfg = Debug|Any CPU
		{1A241F82-2300-4CB6-BE20-4B6752FD309E}.Debug|Any CPU.Build.0 = Debug|Any CPU
		{1A241F82-2300-4CB6-BE20-4B6752FD309E}.Release|Any CPU.ActiveCfg = Release|Any CPU
		{1A241F82-2300-4CB6-BE20-4B6752FD309E}.Release|Any CPU.Build.0 = Release|Any CPU
		{5182F631-597F-4625-AA2A-893323B809F6}.Debug|Any CPU.ActiveCfg = Debug|Any CPU
		{5182F631-597F-4625-AA2A-893323B809F6}.Debug|Any CPU.Build.0 = Debug|Any CPU
		{5182F631-597F-4625-AA2A-893323B809F6}.Release|Any CPU.ActiveCfg = Release|Any CPU
		{5182F631-597F-4625-AA2A-893323B809F6}.Release|Any CPU.Build.0 = Release|Any CPU
		{21155516-A3C7-4A19-A868-97FC3D543859}.Debug|Any CPU.ActiveCfg = Debug|Any CPU
		{21155516-A3C7-4A19-A868-97FC3D543859}.Debug|Any CPU.Build.0 = Debug|Any CPU
		{21155516-A3C7-4A19-A868-97FC3D543859}.Release|Any CPU.ActiveCfg = Release|Any CPU
		{21155516-A3C7-4A19-A868-97FC3D543859}.Release|Any CPU.Build.0 = Release|Any CPU
	EndGlobalSection
	GlobalSection(SolutionProperties) = preSolution
		HideSolutionNode = FALSE
	EndGlobalSection
EndGlobal
